Microsoft Visual Studio Solution File, Format Version 12.00
# Visual Studio 14
VisualStudioVersion = 14.0.25420.1
MinimumVisualStudioVersion = 10.0.40219.1
Project("{FAE04EC0-301F-11D3-BF4B-00C04F79EFBC}") = "Tfs2Svn.Common", "Common\Tfs2Svn.Common.csproj", "{46B5216D-37A6-4B2C-9333-D591EFB4C08E}"
EndProject
Project("{FAE04EC0-301F-11D3-BF4B-00C04F79EFBC}") = "Tfs2Svn.Converter", "Converter\Tfs2Svn.Converter.csproj", "{51DEB101-123D-41F8-84B3-F62FE733477F}"
EndProject
Project("{FAE04EC0-301F-11D3-BF4B-00C04F79EFBC}") = "Tfs2Svn.Subversion", "Subversion\Tfs2Svn.Subversion.csproj", "{AD47F42D-1D9D-4C1A-B216-B82E652DEC5E}"
EndProject
Project("{FAE04EC0-301F-11D3-BF4B-00C04F79EFBC}") = "Tfs2Svn.TfsClient", "TfsClient\Tfs2Svn.TfsClient.csproj", "{6A457FA8-2A9F-41C4-B45C-D98DAE10BDA6}"
EndProject
Project("{FAE04EC0-301F-11D3-BF4B-00C04F79EFBC}") = "Tfs2Svn.Winforms", "WinForms\Tfs2Svn.Winforms.csproj", "{3611479C-AD86-4B4A-AF59-82D27D026E7A}"
EndProject
Project("{54435603-DBB4-11D2-8724-00A0C9A8B90C}") = "Tfs2Svn.Setup", "Setup\tfs2svn.NewSetup.vdproj", "{BF6B32F8-9F5B-480D-A5E5-4BCF0D5B485F}"
EndProject
Global
	GlobalSection(SolutionConfigurationPlatforms) = preSolution
		Debug_x64|Any CPU = Debug_x64|Any CPU
		Debug_x64|x64 = Debug_x64|x64
		Debug_x64|x86 = Debug_x64|x86
		Debug_x86|Any CPU = Debug_x86|Any CPU
		Debug_x86|x64 = Debug_x86|x64
		Debug_x86|x86 = Debug_x86|x86
		Debug|Any CPU = Debug|Any CPU
		Debug|x64 = Debug|x64
		Debug|x86 = Debug|x86
		Release|Any CPU = Release|Any CPU
		Release|x64 = Release|x64
		Release|x86 = Release|x86
	EndGlobalSection
	GlobalSection(ProjectConfigurationPlatforms) = postSolution
		{46B5216D-37A6-4B2C-9333-D591EFB4C08E}.Debug_x64|Any CPU.ActiveCfg = Debug_x64|Any CPU
		{46B5216D-37A6-4B2C-9333-D591EFB4C08E}.Debug_x64|Any CPU.Build.0 = Debug_x64|Any CPU
		{46B5216D-37A6-4B2C-9333-D591EFB4C08E}.Debug_x64|x64.ActiveCfg = Debug_x64|x64
		{46B5216D-37A6-4B2C-9333-D591EFB4C08E}.Debug_x64|x64.Build.0 = Debug_x64|x64
		{46B5216D-37A6-4B2C-9333-D591EFB4C08E}.Debug_x64|x86.ActiveCfg = Debug_x64|x86
		{46B5216D-37A6-4B2C-9333-D591EFB4C08E}.Debug_x64|x86.Build.0 = Debug_x64|x86
		{46B5216D-37A6-4B2C-9333-D591EFB4C08E}.Debug_x86|Any CPU.ActiveCfg = Debug_x86|Any CPU
		{46B5216D-37A6-4B2C-9333-D591EFB4C08E}.Debug_x86|Any CPU.Build.0 = Debug_x86|Any CPU
		{46B5216D-37A6-4B2C-9333-D591EFB4C08E}.Debug_x86|x64.ActiveCfg = Debug_x86|x64
		{46B5216D-37A6-4B2C-9333-D591EFB4C08E}.Debug_x86|x64.Build.0 = Debug_x86|x64
		{46B5216D-37A6-4B2C-9333-D591EFB4C08E}.Debug_x86|x86.ActiveCfg = Debug_x86|x86
		{46B5216D-37A6-4B2C-9333-D591EFB4C08E}.Debug_x86|x86.Build.0 = Debug_x86|x86
		{46B5216D-37A6-4B2C-9333-D591EFB4C08E}.Debug|Any CPU.ActiveCfg = Debug|Any CPU
		{46B5216D-37A6-4B2C-9333-D591EFB4C08E}.Debug|Any CPU.Build.0 = Debug|Any CPU
		{46B5216D-37A6-4B2C-9333-D591EFB4C08E}.Debug|x64.ActiveCfg = Debug|x64
		{46B5216D-37A6-4B2C-9333-D591EFB4C08E}.Debug|x64.Build.0 = Debug|x64
		{46B5216D-37A6-4B2C-9333-D591EFB4C08E}.Debug|x86.ActiveCfg = Debug|x86
		{46B5216D-37A6-4B2C-9333-D591EFB4C08E}.Debug|x86.Build.0 = Debug|x86
		{46B5216D-37A6-4B2C-9333-D591EFB4C08E}.Release|Any CPU.ActiveCfg = Release|Any CPU
		{46B5216D-37A6-4B2C-9333-D591EFB4C08E}.Release|Any CPU.Build.0 = Release|Any CPU
		{46B5216D-37A6-4B2C-9333-D591EFB4C08E}.Release|x64.ActiveCfg = Release|x64
		{46B5216D-37A6-4B2C-9333-D591EFB4C08E}.Release|x64.Build.0 = Release|x64
		{46B5216D-37A6-4B2C-9333-D591EFB4C08E}.Release|x86.ActiveCfg = Release|x86
		{46B5216D-37A6-4B2C-9333-D591EFB4C08E}.Release|x86.Build.0 = Release|x86
		{51DEB101-123D-41F8-84B3-F62FE733477F}.Debug_x64|Any CPU.ActiveCfg = Debug_x64|Any CPU
		{51DEB101-123D-41F8-84B3-F62FE733477F}.Debug_x64|Any CPU.Build.0 = Debug_x64|Any CPU
		{51DEB101-123D-41F8-84B3-F62FE733477F}.Debug_x64|x64.ActiveCfg = Debug_x64|x64
		{51DEB101-123D-41F8-84B3-F62FE733477F}.Debug_x64|x64.Build.0 = Debug_x64|x64
		{51DEB101-123D-41F8-84B3-F62FE733477F}.Debug_x64|x86.ActiveCfg = Debug_x64|x86
		{51DEB101-123D-41F8-84B3-F62FE733477F}.Debug_x64|x86.Build.0 = Debug_x64|x86
		{51DEB101-123D-41F8-84B3-F62FE733477F}.Debug_x86|Any CPU.ActiveCfg = Debug_x86|Any CPU
		{51DEB101-123D-41F8-84B3-F62FE733477F}.Debug_x86|Any CPU.Build.0 = Debug_x86|Any CPU
		{51DEB101-123D-41F8-84B3-F62FE733477F}.Debug_x86|x64.ActiveCfg = Debug_x86|x64
		{51DEB101-123D-41F8-84B3-F62FE733477F}.Debug_x86|x64.Build.0 = Debug_x86|x64
		{51DEB101-123D-41F8-84B3-F62FE733477F}.Debug_x86|x86.ActiveCfg = Debug_x86|x86
		{51DEB101-123D-41F8-84B3-F62FE733477F}.Debug_x86|x86.Build.0 = Debug_x86|x86
		{51DEB101-123D-41F8-84B3-F62FE733477F}.Debug|Any CPU.ActiveCfg = Debug|Any CPU
		{51DEB101-123D-41F8-84B3-F62FE733477F}.Debug|Any CPU.Build.0 = Debug|Any CPU
		{51DEB101-123D-41F8-84B3-F62FE733477F}.Debug|x64.ActiveCfg = Debug|x64
		{51DEB101-123D-41F8-84B3-F62FE733477F}.Debug|x64.Build.0 = Debug|x64
		{51DEB101-123D-41F8-84B3-F62FE733477F}.Debug|x86.ActiveCfg = Debug|x86
		{51DEB101-123D-41F8-84B3-F62FE733477F}.Debug|x86.Build.0 = Debug|x86
		{51DEB101-123D-41F8-84B3-F62FE733477F}.Release|Any CPU.ActiveCfg = Release|Any CPU
		{51DEB101-123D-41F8-84B3-F62FE733477F}.Release|Any CPU.Build.0 = Release|Any CPU
		{51DEB101-123D-41F8-84B3-F62FE733477F}.Release|x64.ActiveCfg = Release|x64
		{51DEB101-123D-41F8-84B3-F62FE733477F}.Release|x64.Build.0 = Release|x64
		{51DEB101-123D-41F8-84B3-F62FE733477F}.Release|x86.ActiveCfg = Release|x86
		{51DEB101-123D-41F8-84B3-F62FE733477F}.Release|x86.Build.0 = Release|x86
		{AD47F42D-1D9D-4C1A-B216-B82E652DEC5E}.Debug_x64|Any CPU.ActiveCfg = Debug_x64|Any CPU
		{AD47F42D-1D9D-4C1A-B216-B82E652DEC5E}.Debug_x64|Any CPU.Build.0 = Debug_x64|Any CPU
		{AD47F42D-1D9D-4C1A-B216-B82E652DEC5E}.Debug_x64|x64.ActiveCfg = Debug_x64|x64
		{AD47F42D-1D9D-4C1A-B216-B82E652DEC5E}.Debug_x64|x64.Build.0 = Debug_x64|x64
		{AD47F42D-1D9D-4C1A-B216-B82E652DEC5E}.Debug_x64|x86.ActiveCfg = Debug_x64|x86
		{AD47F42D-1D9D-4C1A-B216-B82E652DEC5E}.Debug_x64|x86.Build.0 = Debug_x64|x86
		{AD47F42D-1D9D-4C1A-B216-B82E652DEC5E}.Debug_x86|Any CPU.ActiveCfg = Debug_x86|Any CPU
		{AD47F42D-1D9D-4C1A-B216-B82E652DEC5E}.Debug_x86|Any CPU.Build.0 = Debug_x86|Any CPU
		{AD47F42D-1D9D-4C1A-B216-B82E652DEC5E}.Debug_x86|x64.ActiveCfg = Debug_x86|x64
		{AD47F42D-1D9D-4C1A-B216-B82E652DEC5E}.Debug_x86|x64.Build.0 = Debug_x86|x64
		{AD47F42D-1D9D-4C1A-B216-B82E652DEC5E}.Debug_x86|x86.ActiveCfg = Debug_x86|x86
		{AD47F42D-1D9D-4C1A-B216-B82E652DEC5E}.Debug_x86|x86.Build.0 = Debug_x86|x86
		{AD47F42D-1D9D-4C1A-B216-B82E652DEC5E}.Debug|Any CPU.ActiveCfg = Debug|Any CPU
		{AD47F42D-1D9D-4C1A-B216-B82E652DEC5E}.Debug|Any CPU.Build.0 = Debug|Any CPU
		{AD47F42D-1D9D-4C1A-B216-B82E652DEC5E}.Debug|x64.ActiveCfg = Debug|x64
		{AD47F42D-1D9D-4C1A-B216-B82E652DEC5E}.Debug|x64.Build.0 = Debug|x64
		{AD47F42D-1D9D-4C1A-B216-B82E652DEC5E}.Debug|x86.ActiveCfg = Debug|x86
		{AD47F42D-1D9D-4C1A-B216-B82E652DEC5E}.Debug|x86.Build.0 = Debug|x86
		{AD47F42D-1D9D-4C1A-B216-B82E652DEC5E}.Release|Any CPU.ActiveCfg = Release|Any CPU
		{AD47F42D-1D9D-4C1A-B216-B82E652DEC5E}.Release|Any CPU.Build.0 = Release|Any CPU
		{AD47F42D-1D9D-4C1A-B216-B82E652DEC5E}.Release|x64.ActiveCfg = Release|x64
		{AD47F42D-1D9D-4C1A-B216-B82E652DEC5E}.Release|x64.Build.0 = Release|x64
		{AD47F42D-1D9D-4C1A-B216-B82E652DEC5E}.Release|x86.ActiveCfg = Release|x86
		{AD47F42D-1D9D-4C1A-B216-B82E652DEC5E}.Release|x86.Build.0 = Release|x86
		{6A457FA8-2A9F-41C4-B45C-D98DAE10BDA6}.Debug_x64|Any CPU.ActiveCfg = Debug_x64|Any CPU
		{6A457FA8-2A9F-41C4-B45C-D98DAE10BDA6}.Debug_x64|Any CPU.Build.0 = Debug_x64|Any CPU
		{6A457FA8-2A9F-41C4-B45C-D98DAE10BDA6}.Debug_x64|x64.ActiveCfg = Debug_x64|x64
		{6A457FA8-2A9F-41C4-B45C-D98DAE10BDA6}.Debug_x64|x64.Build.0 = Debug_x64|x64
		{6A457FA8-2A9F-41C4-B45C-D98DAE10BDA6}.Debug_x64|x86.ActiveCfg = Debug_x64|x86
		{6A457FA8-2A9F-41C4-B45C-D98DAE10BDA6}.Debug_x64|x86.Build.0 = Debug_x64|x86
		{6A457FA8-2A9F-41C4-B45C-D98DAE10BDA6}.Debug_x86|Any CPU.ActiveCfg = Debug_x86|Any CPU
		{6A457FA8-2A9F-41C4-B45C-D98DAE10BDA6}.Debug_x86|Any CPU.Build.0 = Debug_x86|Any CPU
		{6A457FA8-2A9F-41C4-B45C-D98DAE10BDA6}.Debug_x86|x64.ActiveCfg = Debug_x86|x64
		{6A457FA8-2A9F-41C4-B45C-D98DAE10BDA6}.Debug_x86|x64.Build.0 = Debug_x86|x64
		{6A457FA8-2A9F-41C4-B45C-D98DAE10BDA6}.Debug_x86|x86.ActiveCfg = Debug_x86|x86
		{6A457FA8-2A9F-41C4-B45C-D98DAE10BDA6}.Debug_x86|x86.Build.0 = Debug_x86|x86
		{6A457FA8-2A9F-41C4-B45C-D98DAE10BDA6}.Debug|Any CPU.ActiveCfg = Debug|Any CPU
		{6A457FA8-2A9F-41C4-B45C-D98DAE10BDA6}.Debug|Any CPU.Build.0 = Debug|Any CPU
		{6A457FA8-2A9F-41C4-B45C-D98DAE10BDA6}.Debug|x64.ActiveCfg = Debug|x64
		{6A457FA8-2A9F-41C4-B45C-D98DAE10BDA6}.Debug|x64.Build.0 = Debug|x64
		{6A457FA8-2A9F-41C4-B45C-D98DAE10BDA6}.Debug|x86.ActiveCfg = Debug|x86
		{6A457FA8-2A9F-41C4-B45C-D98DAE10BDA6}.Debug|x86.Build.0 = Debug|x86
		{6A457FA8-2A9F-41C4-B45C-D98DAE10BDA6}.Release|Any CPU.ActiveCfg = Release|Any CPU
		{6A457FA8-2A9F-41C4-B45C-D98DAE10BDA6}.Release|Any CPU.Build.0 = Release|Any CPU
		{6A457FA8-2A9F-41C4-B45C-D98DAE10BDA6}.Release|x64.ActiveCfg = Release|x64
		{6A457FA8-2A9F-41C4-B45C-D98DAE10BDA6}.Release|x64.Build.0 = Release|x64
		{6A457FA8-2A9F-41C4-B45C-D98DAE10BDA6}.Release|x86.ActiveCfg = Release|x86
		{6A457FA8-2A9F-41C4-B45C-D98DAE10BDA6}.Release|x86.Build.0 = Release|x86
		{3611479C-AD86-4B4A-AF59-82D27D026E7A}.Debug_x64|Any CPU.ActiveCfg = Debug_x64|Any CPU
		{3611479C-AD86-4B4A-AF59-82D27D026E7A}.Debug_x64|Any CPU.Build.0 = Debug_x64|Any CPU
		{3611479C-AD86-4B4A-AF59-82D27D026E7A}.Debug_x64|x64.ActiveCfg = Debug_x64|x64
		{3611479C-AD86-4B4A-AF59-82D27D026E7A}.Debug_x64|x64.Build.0 = Debug_x64|x64
		{3611479C-AD86-4B4A-AF59-82D27D026E7A}.Debug_x64|x86.ActiveCfg = Debug_x64|x86
		{3611479C-AD86-4B4A-AF59-82D27D026E7A}.Debug_x64|x86.Build.0 = Debug_x64|x86
		{3611479C-AD86-4B4A-AF59-82D27D026E7A}.Debug_x86|Any CPU.ActiveCfg = Debug_x86|Any CPU
		{3611479C-AD86-4B4A-AF59-82D27D026E7A}.Debug_x86|Any CPU.Build.0 = Debug_x86|Any CPU
		{3611479C-AD86-4B4A-AF59-82D27D026E7A}.Debug_x86|x64.ActiveCfg = Debug_x86|x64
		{3611479C-AD86-4B4A-AF59-82D27D026E7A}.Debug_x86|x64.Build.0 = Debug_x86|x64
		{3611479C-AD86-4B4A-AF59-82D27D026E7A}.Debug_x86|x86.ActiveCfg = Debug_x86|x86
		{3611479C-AD86-4B4A-AF59-82D27D026E7A}.Debug_x86|x86.Build.0 = Debug_x86|x86
		{3611479C-AD86-4B4A-AF59-82D27D026E7A}.Debug|Any CPU.ActiveCfg = Debug|Any CPU
		{3611479C-AD86-4B4A-AF59-82D27D026E7A}.Debug|Any CPU.Build.0 = Debug|Any CPU
		{3611479C-AD86-4B4A-AF59-82D27D026E7A}.Debug|x64.ActiveCfg = Debug|x64
		{3611479C-AD86-4B4A-AF59-82D27D026E7A}.Debug|x64.Build.0 = Debug|x64
		{3611479C-AD86-4B4A-AF59-82D27D026E7A}.Debug|x86.ActiveCfg = Debug|x86
		{3611479C-AD86-4B4A-AF59-82D27D026E7A}.Debug|x86.Build.0 = Debug|x86
		{3611479C-AD86-4B4A-AF59-82D27D026E7A}.Release|Any CPU.ActiveCfg = Release|Any CPU
		{3611479C-AD86-4B4A-AF59-82D27D026E7A}.Release|Any CPU.Build.0 = Release|Any CPU
		{3611479C-AD86-4B4A-AF59-82D27D026E7A}.Release|x64.ActiveCfg = Release|x64
		{3611479C-AD86-4B4A-AF59-82D27D026E7A}.Release|x64.Build.0 = Release|x64
		{3611479C-AD86-4B4A-AF59-82D27D026E7A}.Release|x86.ActiveCfg = Release|x86
		{3611479C-AD86-4B4A-AF59-82D27D026E7A}.Release|x86.Build.0 = Release|x86
		{BF6B32F8-9F5B-480D-A5E5-4BCF0D5B485F}.Debug_x64|Any CPU.ActiveCfg = Debug
		{BF6B32F8-9F5B-480D-A5E5-4BCF0D5B485F}.Debug_x64|Any CPU.Build.0 = Debug
		{BF6B32F8-9F5B-480D-A5E5-4BCF0D5B485F}.Debug_x64|x64.ActiveCfg = Debug
		{BF6B32F8-9F5B-480D-A5E5-4BCF0D5B485F}.Debug_x64|x64.Build.0 = Debug
		{BF6B32F8-9F5B-480D-A5E5-4BCF0D5B485F}.Debug_x64|x86.ActiveCfg = Debug
		{BF6B32F8-9F5B-480D-A5E5-4BCF0D5B485F}.Debug_x64|x86.Build.0 = Debug
		{BF6B32F8-9F5B-480D-A5E5-4BCF0D5B485F}.Debug_x86|Any CPU.ActiveCfg = Debug
		{BF6B32F8-9F5B-480D-A5E5-4BCF0D5B485F}.Debug_x86|Any CPU.Build.0 = Debug
		{BF6B32F8-9F5B-480D-A5E5-4BCF0D5B485F}.Debug_x86|x64.ActiveCfg = Debug
		{BF6B32F8-9F5B-480D-A5E5-4BCF0D5B485F}.Debug_x86|x64.Build.0 = Debug
		{BF6B32F8-9F5B-480D-A5E5-4BCF0D5B485F}.Debug_x86|x86.ActiveCfg = Debug
		{BF6B32F8-9F5B-480D-A5E5-4BCF0D5B485F}.Debug_x86|x86.Build.0 = Debug
		{BF6B32F8-9F5B-480D-A5E5-4BCF0D5B485F}.Debug|Any CPU.ActiveCfg = Debug
		{BF6B32F8-9F5B-480D-A5E5-4BCF0D5B485F}.Debug|Any CPU.Build.0 = Debug
		{BF6B32F8-9F5B-480D-A5E5-4BCF0D5B485F}.Debug|x64.ActiveCfg = Debug
		{BF6B32F8-9F5B-480D-A5E5-4BCF0D5B485F}.Debug|x64.Build.0 = Debug
		{BF6B32F8-9F5B-480D-A5E5-4BCF0D5B485F}.Debug|x86.ActiveCfg = Debug
		{BF6B32F8-9F5B-480D-A5E5-4BCF0D5B485F}.Debug|x86.Build.0 = Debug
		{BF6B32F8-9F5B-480D-A5E5-4BCF0D5B485F}.Release|Any CPU.ActiveCfg = Release
		{BF6B32F8-9F5B-480D-A5E5-4BCF0D5B485F}.Release|Any CPU.Build.0 = Release
		{BF6B32F8-9F5B-480D-A5E5-4BCF0D5B485F}.Release|x64.ActiveCfg = Release
		{BF6B32F8-9F5B-480D-A5E5-4BCF0D5B485F}.Release|x64.Build.0 = Release
		{BF6B32F8-9F5B-480D-A5E5-4BCF0D5B485F}.Release|x86.ActiveCfg = Release
		{BF6B32F8-9F5B-480D-A5E5-4BCF0D5B485F}.Release|x86.Build.0 = Release
	EndGlobalSection
	GlobalSection(SolutionProperties) = preSolution
		HideSolutionNode = FALSE
	EndGlobalSection
EndGlobal
